
Microsoft Visual Studio Solution File, Format Version 12.00
# Visual Studio Version 17
VisualStudioVersion = 17.7.34024.191
MinimumVisualStudioVersion = 10.0.40219.1
Project("{FAE04EC0-301F-11D3-BF4B-00C04F79EFBC}") = "Unifi Restart", "Unifi Restart\Unifi Restart.csproj", "{1EFDB1AA-3E2B-48A6-BE2E-6155A8518780}"
EndProject
Global
	GlobalSection(SolutionConfigurationPlatforms) = preSolution
		Debug|Any CPU = Debug|Any CPU
		Release|Any CPU = Release|Any CPU
	EndGlobalSection
	GlobalSection(ProjectConfigurationPlatforms) = postSolution
		{1EFDB1AA-3E2B-48A6-BE2E-6155A8518780}.Debug|Any CPU.ActiveCfg = Debug|Any CPU
		{1EFDB1AA-3E2B-48A6-BE2E-6155A8518780}.Debug|Any CPU.Build.0 = Debug|Any CPU
		{1EFDB1AA-3E2B-48A6-BE2E-6155A8518780}.Release|Any CPU.ActiveCfg = Release|Any CPU
		{1EFDB1AA-3E2B-48A6-BE2E-6155A8518780}.Release|Any CPU.Build.0 = Release|Any CPU
	EndGlobalSection
	GlobalSection(SolutionProperties) = preSolution
		HideSolutionNode = FALSE
	EndGlobalSection
	GlobalSection(ExtensibilityGlobals) = postSolution
		SolutionGuid = {4FA853F2-20ED-42BD-9925-DA14F5CC8558}
	EndGlobalSection
EndGlobal
